<?xml version="1.0" encoding="utf-8"?>
<Project ToolsVersion="4.0" xmlns="http://schemas.microsoft.com/developer/msbuild/2003">
  <ItemGroup>
    <Filter Include="Source Files">
      <UniqueIdentifier>{4FC737F1-C7A5-4376-A066-2A32D752A2FF}</UniqueIdentifier>
      <Extensions>cpp;c;cc;cxx;c++;cppm;ixx;def;odl;idl;hpj;bat;asm;asmx</Extensions>
    </Filter>
    <Filter Include="Header Files">
      <UniqueIdentifier>{93995380-89BD-4b04-88EB-625FBE52EBFB}</UniqueIdentifier>
      <Extensions>h;hh;hpp;hxx;h++;hm;inl;inc;ipp;xsd</Extensions>
    </Filter>
    <Filter Include="Resource Files">
      <UniqueIdentifier>{67DA6AB6-F800-4c08-8B7A-83BB121AAD01}</UniqueIdentifier>
      <Extensions>rc;ico;cur;bmp;dlg;rc2;rct;bin;rgs;gif;jpg;jpeg;jpe;resx;tiff;tif;png;wav;mfcribbon-ms</Extensions>
    </Filter>
  </ItemGroup>
  <ItemGroup>
    <ClCompile Include="constants.ixx">
      <Filter>Source Files</Filter>
    </ClCompile>
    <ClCompile Include="main.cpp">
      <Filter>Source Files</Filter>
    </ClCompile>
    <ClCompile Include="point.ixx">
      <Filter>Source Files</Filter>
    </ClCompile>
    <ClCompile Include="cast.cpp">
      <Filter>Source Files</Filter>
    </ClCompile>
    <ClCompile Include="action.cpp">
      <Filter>Source Files</Filter>
    </ClCompile>
    <ClCompile Include="draw_actors.cpp">
      <Filter>Source Files</Filter>
    </ClCompile>
    <ClCompile Include="output_service.cpp">
      <Filter>Source Files</Filter>
    </ClCompile>
    <ClCompile Include="actor.cpp">
      <Filter>Source Files</Filter>
    </ClCompile>
    <ClCompile Include="director.cpp">
      <Filter>Source Files</Filter>
    </ClCompile>
    <ClCompile Include="script.cpp">
      <Filter>Source Files</Filter>
    </ClCompile>
    <ClCompile Include="player.cpp">
      <Filter>Source Files</Filter>
    </ClCompile>
    <ClCompile Include="grass.cpp">
      <Filter>Source Files</Filter>
    </ClCompile>
    <ClCompile Include="not_std.cpp">
      <Filter>Source Files</Filter>
    </ClCompile>
    <ClCompile Include="add_test_actors.cpp">
      <Filter>Source Files</Filter>
    </ClCompile>
    <ClCompile Include="move_actors.cpp">
      <Filter>Source Files</Filter>
    </ClCompile>
    <ClCompile Include="input_service.cpp">
      <Filter>Source Files</Filter>
    </ClCompile>
    <ClCompile Include="control_player.cpp">
      <Filter>Source Files</Filter>
    </ClCompile>
    <ClCompile Include="habitat.cpp">
      <Filter>Source Files</Filter>
    </ClCompile>
    <ClCompile Include="holo_disk.cpp">
      <Filter>Source Files</Filter>
    </ClCompile>
    <ClCompile Include="green_house.cpp">
      <Filter>Source Files</Filter>
    </ClCompile>
    <ClCompile Include="grass_pile.cpp">
      <Filter>Source Files</Filter>
    </ClCompile>
    <ClCompile Include="captain.cpp">
      <Filter>Source Files</Filter>
    </ClCompile>
  </ItemGroup>
  <ItemGroup>
    <ClInclude Include="cast.h">
      <Filter>Header Files</Filter>
    </ClInclude>
    <ClInclude Include="action.h">
      <Filter>Header Files</Filter>
    </ClInclude>
    <ClInclude Include="draw_actors.h">
      <Filter>Header Files</Filter>
    </ClInclude>
    <ClInclude Include="output_service.h">
      <Filter>Header Files</Filter>
    </ClInclude>
    <ClInclude Include="actor.h">
      <Filter>Header Files</Filter>
    </ClInclude>
    <ClInclude Include="director.h">
      <Filter>Header Files</Filter>
    </ClInclude>
    <ClInclude Include="script.h">
      <Filter>Header Files</Filter>
    </ClInclude>
    <ClInclude Include="player.h">
      <Filter>Header Files</Filter>
    </ClInclude>
    <ClInclude Include="grass.h">
      <Filter>Header Files</Filter>
    </ClInclude>
    <ClInclude Include="not_std.h">
      <Filter>Header Files</Filter>
    </ClInclude>
    <ClInclude Include="add_test_actors.h">
      <Filter>Header Files</Filter>
    </ClInclude>
    <ClInclude Include="move_actors.h">
      <Filter>Header Files</Filter>
    </ClInclude>
    <ClInclude Include="input_service.h">
      <Filter>Header Files</Filter>
    </ClInclude>
    <ClInclude Include="control_player.h">
      <Filter>Header Files</Filter>
    </ClInclude>
    <ClInclude Include="resource.h">
      <Filter>Header Files</Filter>
    </ClInclude>
    <ClInclude Include="habitat.h">
      <Filter>Header Files</Filter>
    </ClInclude>
    <ClInclude Include="holo_disk.h">
      <Filter>Header Files</Filter>
    </ClInclude>
    <ClInclude Include="green_house.h">
      <Filter>Header Files</Filter>
    </ClInclude>
    <ClInclude Include="grass_pile.h">
      <Filter>Header Files</Filter>
    </ClInclude>
    <ClInclude Include="captain.h">
      <Filter>Header Files</Filter>
    </ClInclude>
  </ItemGroup>
  <ItemGroup>
    <ResourceCompile Include="captain.rc">
      <Filter>Resource Files</Filter>
    </ResourceCompile>
  </ItemGroup>
  <ItemGroup>
    <Image Include="images\right1.png">
      <Filter>Resource Files</Filter>
    </Image>
  </ItemGroup>
</Project>